
Microsoft Visual Studio Solution File, Format Version 12.00
# Visual Studio Version 16
VisualStudioVersion = 16.0.29905.134
MinimumVisualStudioVersion = 10.0.40219.1
Project("{8BC9CEB8-8B4A-11D0-8D11-00A0C91BC942}") = "c2simVRFDIS", "c2simVRFDIS.vcxproj", "{D77B5549-C9F3-458C-94A1-21CDE4F11D39}"
EndProject
Global
	GlobalSection(SolutionConfigurationPlatforms) = preSolution
		Debug|x64 = Debug|x64
		MinSizeRel|x64 = MinSizeRel|x64
		Release|x64 = Release|x64
		RelWithDebInfo|x64 = RelWithDebInfo|x64
	EndGlobalSection
	GlobalSection(ProjectConfigurationPlatforms) = postSolution
		{D77B5549-C9F3-458C-94A1-21CDE4F11D39}.Debug|x64.ActiveCfg = Debug|x64
		{D77B5549-C9F3-458C-94A1-21CDE4F11D39}.Debug|x64.Build.0 = Debug|x64
		{D77B5549-C9F3-458C-94A1-21CDE4F11D39}.MinSizeRel|x64.ActiveCfg = MinSizeRel|x64
		{D77B5549-C9F3-458C-94A1-21CDE4F11D39}.MinSizeRel|x64.Build.0 = MinSizeRel|x64
		{D77B5549-C9F3-458C-94A1-21CDE4F11D39}.Release|x64.ActiveCfg = Release|x64
		{D77B5549-C9F3-458C-94A1-21CDE4F11D39}.Release|x64.Build.0 = Release|x64
		{D77B5549-C9F3-458C-94A1-21CDE4F11D39}.RelWithDebInfo|x64.ActiveCfg = RelWithDebInfo|x64
		{D77B5549-C9F3-458C-94A1-21CDE4F11D39}.RelWithDebInfo|x64.Build.0 = RelWithDebInfo|x64
	EndGlobalSection
	GlobalSection(SolutionProperties) = preSolution
		HideSolutionNode = FALSE
	EndGlobalSection
	GlobalSection(ExtensibilityGlobals) = postSolution
		SolutionGuid = {EF5B86AF-C8AE-4231-A5A6-A83F9D82D5FB}
	EndGlobalSection
EndGlobal
